// !$*UTF8*$!
{
	archiveVersion = 1;
	classes = {
	};
	objectVersion = 50;
	objects = {

/* Begin PBXBuildFile section */
		FE1A5CE02527198800098E3A /* 2_ad_two_numbers.cpp in Sources */ = {isa = PBXBuildFile; fileRef = FE1A5CDF2527198800098E3A /* 2_ad_two_numbers.cpp */; };
		FE37870025210A11003C48F2 /* 346_moving_average_from_data_stream.cpp in Sources */ = {isa = PBXBuildFile; fileRef = FE3786FF25210A11003C48F2 /* 346_moving_average_from_data_stream.cpp */; };
		FE5CA3EA251D31BB0017BAA5 /* 21_merge_two_sorted_lists.cpp in Sources */ = {isa = PBXBuildFile; fileRef = FE5CA3E9251D31BB0017BAA5 /* 21_merge_two_sorted_lists.cpp */; };
		FE5CA3EE251D4B110017BAA5 /* 83_remove_duplicates_from_sorted_list.cpp in Sources */ = {isa = PBXBuildFile; fileRef = FE5CA3ED251D4B110017BAA5 /* 83_remove_duplicates_from_sorted_list.cpp */; };
		FE63A18F2528667900A005AF /* 24_swap_node_in_pairs.cpp in Sources */ = {isa = PBXBuildFile; fileRef = FE63A18E2528667900A005AF /* 24_swap_node_in_pairs.cpp */; };
		FE63A19125286A8A00A005AF /* 19_remove_nth_node_from_end_of_list.cpp in Sources */ = {isa = PBXBuildFile; fileRef = FE63A19025286A8A00A005AF /* 19_remove_nth_node_from_end_of_list.cpp */; };
		FE67DA27251E0DE900F73498 /* 160_intersection_of_two_linked_lists.cpp in Sources */ = {isa = PBXBuildFile; fileRef = FE67DA26251E0DE900F73498 /* 160_intersection_of_two_linked_lists.cpp */; };
		FE937935244463CF0036F1B5 /* main.cpp in Sources */ = {isa = PBXBuildFile; fileRef = FE937934244463CF0036F1B5 /* main.cpp */; };
		FE93793C244465900036F1B5 /* 21_merge_sorted_lists.cpp in Sources */ = {isa = PBXBuildFile; fileRef = FE93793B244465900036F1B5 /* 21_merge_sorted_lists.cpp */; };
		FE93793E244478010036F1B5 /* singly_linked_list_tutorial.cpp in Sources */ = {isa = PBXBuildFile; fileRef = FE93793D244478010036F1B5 /* singly_linked_list_tutorial.cpp */; };
		FE9379422445BDE10036F1B5 /* 83_Remove_duplicats_from_sorted_list.cpp in Sources */ = {isa = PBXBuildFile; fileRef = FE9379412445BDE10036F1B5 /* 83_Remove_duplicats_from_sorted_list.cpp */; };
		FE9379462445FFF30036F1B5 /* 141_linked_list_cycle.cpp in Sources */ = {isa = PBXBuildFile; fileRef = FE9379452445FFF30036F1B5 /* 141_linked_list_cycle.cpp */; };
		FE937948244643980036F1B5 /* 203_remove_linked_list_elements.cpp in Sources */ = {isa = PBXBuildFile; fileRef = FE937947244643980036F1B5 /* 203_remove_linked_list_elements.cpp */; };
		FEB8DE4325290F2D007B2765 /* 61_rotate_list.cpp in Sources */ = {isa = PBXBuildFile; fileRef = FEB8DE4225290F2D007B2765 /* 61_rotate_list.cpp */; };
		FEB8DE512529EB2F007B2765 /* 82_remove_duplicates_from_sorted_list_2.cpp in Sources */ = {isa = PBXBuildFile; fileRef = FEB8DE502529EB2F007B2765 /* 82_remove_duplicates_from_sorted_list_2.cpp */; };
		FEB8DE552529F9E4007B2765 /* 92_reverse_linked_list_2.cpp in Sources */ = {isa = PBXBuildFile; fileRef = FEB8DE542529F9E4007B2765 /* 92_reverse_linked_list_2.cpp */; };
		FEF8EAA324471B1B004B94C5 /* 206_reverse_linked_list.cpp in Sources */ = {isa = PBXBuildFile; fileRef = FEF8EAA224471B1B004B94C5 /* 206_reverse_linked_list.cpp */; };
		FEF8EAA52447793B004B94C5 /* 234_palindrome_linked_list.cpp in Sources */ = {isa = PBXBuildFile; fileRef = FEF8EAA42447793B004B94C5 /* 234_palindrome_linked_list.cpp */; };
/* End PBXBuildFile section */

/* Begin PBXCopyFilesBuildPhase section */
		FE93792F244463CF0036F1B5 /* CopyFiles */ = {
			isa = PBXCopyFilesBuildPhase;
			buildActionMask = 2147483647;
			dstPath = /usr/share/man/man1/;
			dstSubfolderSpec = 0;
			files = (
			);
			runOnlyForDeploymentPostprocessing = 1;
		};
/* End PBXCopyFilesBuildPhase section */

/* Begin PBXFileReference section */
		FE1A5CDF2527198800098E3A /* 2_ad_two_numbers.cpp */ = {isa = PBXFileReference; lastKnownFileType = sourcecode.cpp.cpp; path = 2_ad_two_numbers.cpp; sourceTree = "<group>"; };
		FE3786FF25210A11003C48F2 /* 346_moving_average_from_data_stream.cpp */ = {isa = PBXFileReference; lastKnownFileType = sourcecode.cpp.cpp; path = 346_moving_average_from_data_stream.cpp; sourceTree = "<group>"; };
		FE5CA3E9251D31BB0017BAA5 /* 21_merge_two_sorted_lists.cpp */ = {isa = PBXFileReference; lastKnownFileType = sourcecode.cpp.cpp; path = 21_merge_two_sorted_lists.cpp; sourceTree = "<group>"; };
		FE5CA3ED251D4B110017BAA5 /* 83_remove_duplicates_from_sorted_list.cpp */ = {isa = PBXFileReference; lastKnownFileType = sourcecode.cpp.cpp; path = 83_remove_duplicates_from_sorted_list.cpp; sourceTree = "<group>"; };
		FE63A18E2528667900A005AF /* 24_swap_node_in_pairs.cpp */ = {isa = PBXFileReference; lastKnownFileType = sourcecode.cpp.cpp; path = 24_swap_node_in_pairs.cpp; sourceTree = "<group>"; };
		FE63A19025286A8A00A005AF /* 19_remove_nth_node_from_end_of_list.cpp */ = {isa = PBXFileReference; lastKnownFileType = sourcecode.cpp.cpp; path = 19_remove_nth_node_from_end_of_list.cpp; sourceTree = "<group>"; };
		FE67DA26251E0DE900F73498 /* 160_intersection_of_two_linked_lists.cpp */ = {isa = PBXFileReference; lastKnownFileType = sourcecode.cpp.cpp; path = 160_intersection_of_two_linked_lists.cpp; sourceTree = "<group>"; };
		FE937931244463CF0036F1B5 /* leetcode_linked_list */ = {isa = PBXFileReference; explicitFileType = "compiled.mach-o.executable"; includeInIndex = 0; path = leetcode_linked_list; sourceTree = BUILT_PRODUCTS_DIR; };
		FE937934244463CF0036F1B5 /* main.cpp */ = {isa = PBXFileReference; lastKnownFileType = sourcecode.cpp.cpp; path = main.cpp; sourceTree = "<group>"; };
		FE93793B244465900036F1B5 /* 21_merge_sorted_lists.cpp */ = {isa = PBXFileReference; lastKnownFileType = sourcecode.cpp.cpp; path = 21_merge_sorted_lists.cpp; sourceTree = "<group>"; };
		FE93793D244478010036F1B5 /* singly_linked_list_tutorial.cpp */ = {isa = PBXFileReference; lastKnownFileType = sourcecode.cpp.cpp; path = singly_linked_list_tutorial.cpp; sourceTree = "<group>"; };
		FE9379412445BDE10036F1B5 /* 83_Remove_duplicats_from_sorted_list.cpp */ = {isa = PBXFileReference; lastKnownFileType = sourcecode.cpp.cpp; path = 83_Remove_duplicats_from_sorted_list.cpp; sourceTree = "<group>"; };
		FE9379452445FFF30036F1B5 /* 141_linked_list_cycle.cpp */ = {isa = PBXFileReference; lastKnownFileType = sourcecode.cpp.cpp; path = 141_linked_list_cycle.cpp; sourceTree = "<group>"; };
		FE937947244643980036F1B5 /* 203_remove_linked_list_elements.cpp */ = {isa = PBXFileReference; lastKnownFileType = sourcecode.cpp.cpp; path = 203_remove_linked_list_elements.cpp; sourceTree = "<group>"; };
		FEB8DE4225290F2D007B2765 /* 61_rotate_list.cpp */ = {isa = PBXFileReference; lastKnownFileType = sourcecode.cpp.cpp; path = 61_rotate_list.cpp; sourceTree = "<group>"; };
		FEB8DE502529EB2F007B2765 /* 82_remove_duplicates_from_sorted_list_2.cpp */ = {isa = PBXFileReference; lastKnownFileType = sourcecode.cpp.cpp; path = 82_remove_duplicates_from_sorted_list_2.cpp; sourceTree = "<group>"; };
		FEB8DE542529F9E4007B2765 /* 92_reverse_linked_list_2.cpp */ = {isa = PBXFileReference; lastKnownFileType = sourcecode.cpp.cpp; path = 92_reverse_linked_list_2.cpp; sourceTree = "<group>"; };
		FEF8EAA224471B1B004B94C5 /* 206_reverse_linked_list.cpp */ = {isa = PBXFileReference; lastKnownFileType = sourcecode.cpp.cpp; path = 206_reverse_linked_list.cpp; sourceTree = "<group>"; };
		FEF8EAA42447793B004B94C5 /* 234_palindrome_linked_list.cpp */ = {isa = PBXFileReference; lastKnownFileType = sourcecode.cpp.cpp; path = 234_palindrome_linked_list.cpp; sourceTree = "<group>"; };
/* End PBXFileReference section */

/* Begin PBXFrameworksBuildPhase section */
		FE93792E244463CF0036F1B5 /* Frameworks */ = {
			isa = PBXFrameworksBuildPhase;
			buildActionMask = 2147483647;
			files = (
			);
			runOnlyForDeploymentPostprocessing = 0;
		};
/* End PBXFrameworksBuildPhase section */

/* Begin PBXGroup section */
		FE937928244463CF0036F1B5 = {
			isa = PBXGroup;
			children = (
				FE937933244463CF0036F1B5 /* leetcode_linked_list */,
				FE937932244463CF0036F1B5 /* Products */,
			);
			sourceTree = "<group>";
		};
		FE937932244463CF0036F1B5 /* Products */ = {
			isa = PBXGroup;
			children = (
				FE937931244463CF0036F1B5 /* leetcode_linked_list */,
			);
			name = Products;
			sourceTree = "<group>";
		};
		FE937933244463CF0036F1B5 /* leetcode_linked_list */ = {
			isa = PBXGroup;
			children = (
				FE937934244463CF0036F1B5 /* main.cpp */,
				FEB8DE542529F9E4007B2765 /* 92_reverse_linked_list_2.cpp */,
				FEB8DE502529EB2F007B2765 /* 82_remove_duplicates_from_sorted_list_2.cpp */,
				FEB8DE4225290F2D007B2765 /* 61_rotate_list.cpp */,
				FE63A19025286A8A00A005AF /* 19_remove_nth_node_from_end_of_list.cpp */,
				FE63A18E2528667900A005AF /* 24_swap_node_in_pairs.cpp */,
				FE1A5CDF2527198800098E3A /* 2_ad_two_numbers.cpp */,
				FE3786FF25210A11003C48F2 /* 346_moving_average_from_data_stream.cpp */,
				FE67DA26251E0DE900F73498 /* 160_intersection_of_two_linked_lists.cpp */,
				FE5CA3ED251D4B110017BAA5 /* 83_remove_duplicates_from_sorted_list.cpp */,
				FE5CA3E9251D31BB0017BAA5 /* 21_merge_two_sorted_lists.cpp */,
				FE937947244643980036F1B5 /* 203_remove_linked_list_elements.cpp */,
				FE9379452445FFF30036F1B5 /* 141_linked_list_cycle.cpp */,
				FE9379412445BDE10036F1B5 /* 83_Remove_duplicats_from_sorted_list.cpp */,
				FE93793D244478010036F1B5 /* singly_linked_list_tutorial.cpp */,
				FE93793B244465900036F1B5 /* 21_merge_sorted_lists.cpp */,
				FEF8EAA224471B1B004B94C5 /* 206_reverse_linked_list.cpp */,
				FEF8EAA42447793B004B94C5 /* 234_palindrome_linked_list.cpp */,
			);
			path = leetcode_linked_list;
			sourceTree = "<group>";
		};
/* End PBXGroup section */

/* Begin PBXNativeTarget section */
		FE937930244463CF0036F1B5 /* leetcode_linked_list */ = {
			isa = PBXNativeTarget;
			buildConfigurationList = FE937938244463CF0036F1B5 /* Build configuration list for PBXNativeTarget "leetcode_linked_list" */;
			buildPhases = (
				FE93792D244463CF0036F1B5 /* Sources */,
				FE93792E244463CF0036F1B5 /* Frameworks */,
				FE93792F244463CF0036F1B5 /* CopyFiles */,
			);
			buildRules = (
			);
			dependencies = (
			);
			name = leetcode_linked_list;
			productName = leetcode_linked_list;
			productReference = FE937931244463CF0036F1B5 /* leetcode_linked_list */;
			productType = "com.apple.product-type.tool";
		};
/* End PBXNativeTarget section */

/* Begin PBXProject section */
		FE937929244463CF0036F1B5 /* Project object */ = {
			isa = PBXProject;
			attributes = {
				LastUpgradeCheck = 1130;
				ORGANIZATIONNAME = Hadley;
				TargetAttributes = {
					FE937930244463CF0036F1B5 = {
						CreatedOnToolsVersion = 11.3.1;
					};
				};
			};
			buildConfigurationList = FE93792C244463CF0036F1B5 /* Build configuration list for PBXProject "leetcode_linked_list" */;
			compatibilityVersion = "Xcode 9.3";
			developmentRegion = en;
			hasScannedForEncodings = 0;
			knownRegions = (
				en,
				Base,
			);
			mainGroup = FE937928244463CF0036F1B5;
			productRefGroup = FE937932244463CF0036F1B5 /* Products */;
			projectDirPath = "";
			projectRoot = "";
			targets = (
				FE937930244463CF0036F1B5 /* leetcode_linked_list */,
			);
		};
/* End PBXProject section */

/* Begin PBXSourcesBuildPhase section */
		FE93792D244463CF0036F1B5 /* Sources */ = {
			isa = PBXSourcesBuildPhase;
			buildActionMask = 2147483647;
			files = (
				FEF8EAA324471B1B004B94C5 /* 206_reverse_linked_list.cpp in Sources */,
				FE1A5CE02527198800098E3A /* 2_ad_two_numbers.cpp in Sources */,
				FE37870025210A11003C48F2 /* 346_moving_average_from_data_stream.cpp in Sources */,
				FEB8DE4325290F2D007B2765 /* 61_rotate_list.cpp in Sources */,
				FE5CA3EA251D31BB0017BAA5 /* 21_merge_two_sorted_lists.cpp in Sources */,
				FE9379462445FFF30036F1B5 /* 141_linked_list_cycle.cpp in Sources */,
				FE93793C244465900036F1B5 /* 21_merge_sorted_lists.cpp in Sources */,
				FE937948244643980036F1B5 /* 203_remove_linked_list_elements.cpp in Sources */,
				FE93793E244478010036F1B5 /* singly_linked_list_tutorial.cpp in Sources */,
				FE63A19125286A8A00A005AF /* 19_remove_nth_node_from_end_of_list.cpp in Sources */,
				FEF8EAA52447793B004B94C5 /* 234_palindrome_linked_list.cpp in Sources */,
				FEB8DE552529F9E4007B2765 /* 92_reverse_linked_list_2.cpp in Sources */,
				FE63A18F2528667900A005AF /* 24_swap_node_in_pairs.cpp in Sources */,
				FE5CA3EE251D4B110017BAA5 /* 83_remove_duplicates_from_sorted_list.cpp in Sources */,
				FE937935244463CF0036F1B5 /* main.cpp in Sources */,
				FE9379422445BDE10036F1B5 /* 83_Remove_duplicats_from_sorted_list.cpp in Sources */,
				FEB8DE512529EB2F007B2765 /* 82_remove_duplicates_from_sorted_list_2.cpp in Sources */,
				FE67DA27251E0DE900F73498 /* 160_intersection_of_two_linked_lists.cpp in Sources */,
			);
			runOnlyForDeploymentPostprocessing = 0;
		};
/* End PBXSourcesBuildPhase section */

/* Begin XCBuildConfiguration section */
		FE937936244463CF0036F1B5 /* Debug */ = {
			isa = XCBuildConfiguration;
			buildSettings = {
				ALWAYS_SEARCH_USER_PATHS = NO;
				CLANG_ANALYZER_NONNULL = YES;
				CLANG_ANALYZER_NUMBER_OBJECT_CONVERSION = YES_AGGRESSIVE;
				CLANG_CXX_LANGUAGE_STANDARD = "gnu++14";
				CLANG_CXX_LIBRARY = "libc++";
				CLANG_ENABLE_MODULES = YES;
				CLANG_ENABLE_OBJC_ARC = YES;
				CLANG_ENABLE_OBJC_WEAK = YES;
				CLANG_WARN_BLOCK_CAPTURE_AUTORELEASING = YES;
				CLANG_WARN_BOOL_CONVERSION = YES;
				CLANG_WARN_COMMA = YES;
				CLANG_WARN_CONSTANT_CONVERSION = YES;
				CLANG_WARN_DEPRECATED_OBJC_IMPLEMENTATIONS = YES;
				CLANG_WARN_DIRECT_OBJC_ISA_USAGE = YES_ERROR;
				CLANG_WARN_DOCUMENTATION_COMMENTS = YES;
				CLANG_WARN_EMPTY_BODY = YES;
				CLANG_WARN_ENUM_CONVERSION = YES;
				CLANG_WARN_INFINITE_RECURSION = YES;
				CLANG_WARN_INT_CONVERSION = YES;
				CLANG_WARN_NON_LITERAL_NULL_CONVERSION = YES;
				CLANG_WARN_OBJC_IMPLICIT_RETAIN_SELF = YES;
				CLANG_WARN_OBJC_LITERAL_CONVERSION = YES;
				CLANG_WARN_OBJC_ROOT_CLASS = YES_ERROR;
				CLANG_WARN_RANGE_LOOP_ANALYSIS = YES;
				CLANG_WARN_STRICT_PROTOTYPES = YES;
				CLANG_WARN_SUSPICIOUS_MOVE = YES;
				CLANG_WARN_UNGUARDED_AVAILABILITY = YES_AGGRESSIVE;
				CLANG_WARN_UNREACHABLE_CODE = YES;
				CLANG_WARN__DUPLICATE_METHOD_MATCH = YES;
				COPY_PHASE_STRIP = NO;
				DEBUG_INFORMATION_FORMAT = dwarf;
				ENABLE_STRICT_OBJC_MSGSEND = YES;
				ENABLE_TESTABILITY = YES;
				GCC_C_LANGUAGE_STANDARD = gnu11;
				GCC_DYNAMIC_NO_PIC = NO;
				GCC_NO_COMMON_BLOCKS = YES;
				GCC_OPTIMIZATION_LEVEL = 0;
				GCC_PREPROCESSOR_DEFINITIONS = (
					"DEBUG=1",
					"$(inherited)",
				);
				GCC_WARN_64_TO_32_BIT_CONVERSION = YES;
				GCC_WARN_ABOUT_RETURN_TYPE = YES_ERROR;
				GCC_WARN_UNDECLARED_SELECTOR = YES;
				GCC_WARN_UNINITIALIZED_AUTOS = YES_AGGRESSIVE;
				GCC_WARN_UNUSED_FUNCTION = YES;
				GCC_WARN_UNUSED_VARIABLE = YES;
				MACOSX_DEPLOYMENT_TARGET = 10.14;
				MTL_ENABLE_DEBUG_INFO = INCLUDE_SOURCE;
				MTL_FAST_MATH = YES;
				ONLY_ACTIVE_ARCH = YES;
				SDKROOT = macosx;
			};
			name = Debug;
		};
		FE937937244463CF0036F1B5 /* Release */ = {
			isa = XCBuildConfiguration;
			buildSettings = {
				ALWAYS_SEARCH_USER_PATHS = NO;
				CLANG_ANALYZER_NONNULL = YES;
				CLANG_ANALYZER_NUMBER_OBJECT_CONVERSION = YES_AGGRESSIVE;
				CLANG_CXX_LANGUAGE_STANDARD = "gnu++14";
				CLANG_CXX_LIBRARY = "libc++";
				CLANG_ENABLE_MODULES = YES;
				CLANG_ENABLE_OBJC_ARC = YES;
				CLANG_ENABLE_OBJC_WEAK = YES;
				CLANG_WARN_BLOCK_CAPTURE_AUTORELEASING = YES;
				CLANG_WARN_BOOL_CONVERSION = YES;
				CLANG_WARN_COMMA = YES;
				CLANG_WARN_CONSTANT_CONVERSION = YES;
				CLANG_WARN_DEPRECATED_OBJC_IMPLEMENTATIONS = YES;
				CLANG_WARN_DIRECT_OBJC_ISA_USAGE = YES_ERROR;
				CLANG_WARN_DOCUMENTATION_COMMENTS = YES;
				CLANG_WARN_EMPTY_BODY = YES;
				CLANG_WARN_ENUM_CONVERSION = YES;
				CLANG_WARN_INFINITE_RECURSION = YES;
				CLANG_WARN_INT_CONVERSION = YES;
				CLANG_WARN_NON_LITERAL_NULL_CONVERSION = YES;
				CLANG_WARN_OBJC_IMPLICIT_RETAIN_SELF = YES;
				CLANG_WARN_OBJC_LITERAL_CONVERSION = YES;
				CLANG_WARN_OBJC_ROOT_CLASS = YES_ERROR;
				CLANG_WARN_RANGE_LOOP_ANALYSIS = YES;
				CLANG_WARN_STRICT_PROTOTYPES = YES;
				CLANG_WARN_SUSPICIOUS_MOVE = YES;
				CLANG_WARN_UNGUARDED_AVAILABILITY = YES_AGGRESSIVE;
				CLANG_WARN_UNREACHABLE_CODE = YES;
				CLANG_WARN__DUPLICATE_METHOD_MATCH = YES;
				COPY_PHASE_STRIP = NO;
				DEBUG_INFORMATION_FORMAT = "dwarf-with-dsym";
				ENABLE_NS_ASSERTIONS = NO;
				ENABLE_STRICT_OBJC_MSGSEND = YES;
				GCC_C_LANGUAGE_STANDARD = gnu11;
				GCC_NO_COMMON_BLOCKS = YES;
				GCC_WARN_64_TO_32_BIT_CONVERSION = YES;
				GCC_WARN_ABOUT_RETURN_TYPE = YES_ERROR;
				GCC_WARN_UNDECLARED_SELECTOR = YES;
				GCC_WARN_UNINITIALIZED_AUTOS = YES_AGGRESSIVE;
				GCC_WARN_UNUSED_FUNCTION = YES;
				GCC_WARN_UNUSED_VARIABLE = YES;
				MACOSX_DEPLOYMENT_TARGET = 10.14;
				MTL_ENABLE_DEBUG_INFO = NO;
				MTL_FAST_MATH = YES;
				SDKROOT = macosx;
			};
			name = Release;
		};
		FE937939244463CF0036F1B5 /* Debug */ = {
			isa = XCBuildConfiguration;
			buildSettings = {
				CODE_SIGN_STYLE = Automatic;
				PRODUCT_NAME = "$(TARGET_NAME)";
			};
			name = Debug;
		};
		FE93793A244463CF0036F1B5 /* Release */ = {
			isa = XCBuildConfiguration;
			buildSettings = {
				CODE_SIGN_STYLE = Automatic;
				PRODUCT_NAME = "$(TARGET_NAME)";
			};
			name = Release;
		};
/* End XCBuildConfiguration section */

/* Begin XCConfigurationList section */
		FE93792C244463CF0036F1B5 /* Build configuration list for PBXProject "leetcode_linked_list" */ = {
			isa = XCConfigurationList;
			buildConfigurations = (
				FE937936244463CF0036F1B5 /* Debug */,
				FE937937244463CF0036F1B5 /* Release */,
			);
			defaultConfigurationIsVisible = 0;
			defaultConfigurationName = Release;
		};
		FE937938244463CF0036F1B5 /* Build configuration list for PBXNativeTarget "leetcode_linked_list" */ = {
			isa = XCConfigurationList;
			buildConfigurations = (
				FE937939244463CF0036F1B5 /* Debug */,
				FE93793A244463CF0036F1B5 /* Release */,
			);
			defaultConfigurationIsVisible = 0;
			defaultConfigurationName = Release;
		};
/* End XCConfigurationList section */
	};
	rootObject = FE937929244463CF0036F1B5 /* Project object */;
}
