// !$*UTF8*$!
{
	archiveVersion = 1;
	classes = {
	};
	objectVersion = 50;
	objects = {

/* Begin PBXBuildFile section */
		FE53D66E24DEFCDC001934EA /* 34_find_first_and_last_position_of_element_in_sorted_array.cpp in Sources */ = {isa = PBXBuildFile; fileRef = FE53D66D24DEFCDC001934EA /* 34_find_first_and_last_position_of_element_in_sorted_array.cpp */; };
		FE53D67024DF024F001934EA /* 50_pow_x_n.cpp in Sources */ = {isa = PBXBuildFile; fileRef = FE53D66F24DF024F001934EA /* 50_pow_x_n.cpp */; };
		FE53D67224DF27D5001934EA /* 74_search_2d_matrix.cpp in Sources */ = {isa = PBXBuildFile; fileRef = FE53D67124DF27D5001934EA /* 74_search_2d_matrix.cpp */; };
		FE53D67424DF2C25001934EA /* 81_serach_in_rotated_sorted_array_2.cpp in Sources */ = {isa = PBXBuildFile; fileRef = FE53D67324DF2C25001934EA /* 81_serach_in_rotated_sorted_array_2.cpp */; };
		FE53D67624DF2DEF001934EA /* 153_find_minimum_in_rotated_sorted_array.cpp in Sources */ = {isa = PBXBuildFile; fileRef = FE53D67524DF2DEF001934EA /* 153_find_minimum_in_rotated_sorted_array.cpp */; };
		FE53D67824DF4C39001934EA /* 209_minimum_size_subarray_sum.cpp in Sources */ = {isa = PBXBuildFile; fileRef = FE53D67724DF4C39001934EA /* 209_minimum_size_subarray_sum.cpp */; };
		FE53D67A24E00900001934EA /* 240_search_2d_matrix_2.cpp in Sources */ = {isa = PBXBuildFile; fileRef = FE53D67924E00900001934EA /* 240_search_2d_matrix_2.cpp */; };
		FE53D67C24E01C8E001934EA /* 275_h_index_2.cpp in Sources */ = {isa = PBXBuildFile; fileRef = FE53D67B24E01C8E001934EA /* 275_h_index_2.cpp */; };
		FE53D67E24E02A9D001934EA /* 287_find_the_duplicate_number.cpp in Sources */ = {isa = PBXBuildFile; fileRef = FE53D67D24E02A9D001934EA /* 287_find_the_duplicate_number.cpp */; };
		FE53D68024E086E9001934EA /* 378_kth_smallest_element_in_a_sorted_matrix.cpp in Sources */ = {isa = PBXBuildFile; fileRef = FE53D67F24E086E9001934EA /* 378_kth_smallest_element_in_a_sorted_matrix.cpp */; };
		FEA1185324DAE592000B578A /* main.cpp in Sources */ = {isa = PBXBuildFile; fileRef = FEA1185224DAE592000B578A /* main.cpp */; };
		FEA1185A24DAE62B000B578A /* 69_sqartx.cpp in Sources */ = {isa = PBXBuildFile; fileRef = FEA1185924DAE62B000B578A /* 69_sqartx.cpp */; };
		FEA1185C24DAEB6F000B578A /* 270_closet_bianry_search_tree_value.cpp in Sources */ = {isa = PBXBuildFile; fileRef = FEA1185B24DAEB6F000B578A /* 270_closet_bianry_search_tree_value.cpp */; };
		FEA1185E24DAF2C5000B578A /* 278_first_bad_version.cpp in Sources */ = {isa = PBXBuildFile; fileRef = FEA1185D24DAF2C5000B578A /* 278_first_bad_version.cpp */; };
		FEA1186024DAF42E000B578A /* 367_perfect_square.cpp in Sources */ = {isa = PBXBuildFile; fileRef = FEA1185F24DAF42E000B578A /* 367_perfect_square.cpp */; };
		FEA1186224DAF723000B578A /* 374_guess_number_higher_or_lower.cpp in Sources */ = {isa = PBXBuildFile; fileRef = FEA1186124DAF723000B578A /* 374_guess_number_higher_or_lower.cpp */; };
		FEA1186424DAF7D6000B578A /* 441_arranging_coins.cpp in Sources */ = {isa = PBXBuildFile; fileRef = FEA1186324DAF7D6000B578A /* 441_arranging_coins.cpp */; };
		FEA1186624DB3089000B578A /* 475_heaters.cpp in Sources */ = {isa = PBXBuildFile; fileRef = FEA1186524DB3089000B578A /* 475_heaters.cpp */; };
		FEA1186824DB3723000B578A /* 29_divide_two_integers.cpp in Sources */ = {isa = PBXBuildFile; fileRef = FEA1186724DB3723000B578A /* 29_divide_two_integers.cpp */; };
		FEA1186A24DB3D34000B578A /* 33_search_in_rotated_sorted_array.cpp in Sources */ = {isa = PBXBuildFile; fileRef = FEA1186924DB3D34000B578A /* 33_search_in_rotated_sorted_array.cpp */; };
		FEC8EB4024E285B4009E9A1D /* 454_4sum_2.cpp in Sources */ = {isa = PBXBuildFile; fileRef = FEC8EB3F24E285B4009E9A1D /* 454_4sum_2.cpp */; };
		FEC8EB4224E29025009E9A1D /* 436_find_right_interval.cpp in Sources */ = {isa = PBXBuildFile; fileRef = FEC8EB4124E29025009E9A1D /* 436_find_right_interval.cpp */; };
		FEC8EB4424E2AF82009E9A1D /* 162_find_peak_element.cpp in Sources */ = {isa = PBXBuildFile; fileRef = FEC8EB4324E2AF82009E9A1D /* 162_find_peak_element.cpp */; };
		FEC8EB4624E2B841009E9A1D /* 528_random_pick_with_weight.cpp in Sources */ = {isa = PBXBuildFile; fileRef = FEC8EB4524E2B841009E9A1D /* 528_random_pick_with_weight.cpp */; };
		FEC8EB4824E2C07C009E9A1D /* 497_random_point_in_non_over_lapping_rectangles.cpp in Sources */ = {isa = PBXBuildFile; fileRef = FEC8EB4724E2C07C009E9A1D /* 497_random_point_in_non_over_lapping_rectangles.cpp */; };
/* End PBXBuildFile section */

/* Begin PBXCopyFilesBuildPhase section */
		FEA1184D24DAE592000B578A /* CopyFiles */ = {
			isa = PBXCopyFilesBuildPhase;
			buildActionMask = 2147483647;
			dstPath = /usr/share/man/man1/;
			dstSubfolderSpec = 0;
			files = (
			);
			runOnlyForDeploymentPostprocessing = 1;
		};
/* End PBXCopyFilesBuildPhase section */

/* Begin PBXFileReference section */
		FE53D66D24DEFCDC001934EA /* 34_find_first_and_last_position_of_element_in_sorted_array.cpp */ = {isa = PBXFileReference; lastKnownFileType = sourcecode.cpp.cpp; path = 34_find_first_and_last_position_of_element_in_sorted_array.cpp; sourceTree = "<group>"; };
		FE53D66F24DF024F001934EA /* 50_pow_x_n.cpp */ = {isa = PBXFileReference; lastKnownFileType = sourcecode.cpp.cpp; path = 50_pow_x_n.cpp; sourceTree = "<group>"; };
		FE53D67124DF27D5001934EA /* 74_search_2d_matrix.cpp */ = {isa = PBXFileReference; lastKnownFileType = sourcecode.cpp.cpp; path = 74_search_2d_matrix.cpp; sourceTree = "<group>"; };
		FE53D67324DF2C25001934EA /* 81_serach_in_rotated_sorted_array_2.cpp */ = {isa = PBXFileReference; lastKnownFileType = sourcecode.cpp.cpp; path = 81_serach_in_rotated_sorted_array_2.cpp; sourceTree = "<group>"; };
		FE53D67524DF2DEF001934EA /* 153_find_minimum_in_rotated_sorted_array.cpp */ = {isa = PBXFileReference; lastKnownFileType = sourcecode.cpp.cpp; path = 153_find_minimum_in_rotated_sorted_array.cpp; sourceTree = "<group>"; };
		FE53D67724DF4C39001934EA /* 209_minimum_size_subarray_sum.cpp */ = {isa = PBXFileReference; lastKnownFileType = sourcecode.cpp.cpp; path = 209_minimum_size_subarray_sum.cpp; sourceTree = "<group>"; };
		FE53D67924E00900001934EA /* 240_search_2d_matrix_2.cpp */ = {isa = PBXFileReference; lastKnownFileType = sourcecode.cpp.cpp; path = 240_search_2d_matrix_2.cpp; sourceTree = "<group>"; };
		FE53D67B24E01C8E001934EA /* 275_h_index_2.cpp */ = {isa = PBXFileReference; lastKnownFileType = sourcecode.cpp.cpp; path = 275_h_index_2.cpp; sourceTree = "<group>"; };
		FE53D67D24E02A9D001934EA /* 287_find_the_duplicate_number.cpp */ = {isa = PBXFileReference; lastKnownFileType = sourcecode.cpp.cpp; path = 287_find_the_duplicate_number.cpp; sourceTree = "<group>"; };
		FE53D67F24E086E9001934EA /* 378_kth_smallest_element_in_a_sorted_matrix.cpp */ = {isa = PBXFileReference; lastKnownFileType = sourcecode.cpp.cpp; path = 378_kth_smallest_element_in_a_sorted_matrix.cpp; sourceTree = "<group>"; };
		FEA1184F24DAE592000B578A /* binary_search */ = {isa = PBXFileReference; explicitFileType = "compiled.mach-o.executable"; includeInIndex = 0; path = binary_search; sourceTree = BUILT_PRODUCTS_DIR; };
		FEA1185224DAE592000B578A /* main.cpp */ = {isa = PBXFileReference; lastKnownFileType = sourcecode.cpp.cpp; path = main.cpp; sourceTree = "<group>"; };
		FEA1185924DAE62B000B578A /* 69_sqartx.cpp */ = {isa = PBXFileReference; lastKnownFileType = sourcecode.cpp.cpp; path = 69_sqartx.cpp; sourceTree = "<group>"; };
		FEA1185B24DAEB6F000B578A /* 270_closet_bianry_search_tree_value.cpp */ = {isa = PBXFileReference; lastKnownFileType = sourcecode.cpp.cpp; path = 270_closet_bianry_search_tree_value.cpp; sourceTree = "<group>"; };
		FEA1185D24DAF2C5000B578A /* 278_first_bad_version.cpp */ = {isa = PBXFileReference; lastKnownFileType = sourcecode.cpp.cpp; path = 278_first_bad_version.cpp; sourceTree = "<group>"; };
		FEA1185F24DAF42E000B578A /* 367_perfect_square.cpp */ = {isa = PBXFileReference; lastKnownFileType = sourcecode.cpp.cpp; path = 367_perfect_square.cpp; sourceTree = "<group>"; };
		FEA1186124DAF723000B578A /* 374_guess_number_higher_or_lower.cpp */ = {isa = PBXFileReference; lastKnownFileType = sourcecode.cpp.cpp; path = 374_guess_number_higher_or_lower.cpp; sourceTree = "<group>"; };
		FEA1186324DAF7D6000B578A /* 441_arranging_coins.cpp */ = {isa = PBXFileReference; lastKnownFileType = sourcecode.cpp.cpp; path = 441_arranging_coins.cpp; sourceTree = "<group>"; };
		FEA1186524DB3089000B578A /* 475_heaters.cpp */ = {isa = PBXFileReference; lastKnownFileType = sourcecode.cpp.cpp; path = 475_heaters.cpp; sourceTree = "<group>"; };
		FEA1186724DB3723000B578A /* 29_divide_two_integers.cpp */ = {isa = PBXFileReference; lastKnownFileType = sourcecode.cpp.cpp; path = 29_divide_two_integers.cpp; sourceTree = "<group>"; };
		FEA1186924DB3D34000B578A /* 33_search_in_rotated_sorted_array.cpp */ = {isa = PBXFileReference; lastKnownFileType = sourcecode.cpp.cpp; path = 33_search_in_rotated_sorted_array.cpp; sourceTree = "<group>"; };
		FEC8EB3F24E285B4009E9A1D /* 454_4sum_2.cpp */ = {isa = PBXFileReference; lastKnownFileType = sourcecode.cpp.cpp; path = 454_4sum_2.cpp; sourceTree = "<group>"; };
		FEC8EB4124E29025009E9A1D /* 436_find_right_interval.cpp */ = {isa = PBXFileReference; lastKnownFileType = sourcecode.cpp.cpp; path = 436_find_right_interval.cpp; sourceTree = "<group>"; };
		FEC8EB4324E2AF82009E9A1D /* 162_find_peak_element.cpp */ = {isa = PBXFileReference; lastKnownFileType = sourcecode.cpp.cpp; path = 162_find_peak_element.cpp; sourceTree = "<group>"; };
		FEC8EB4524E2B841009E9A1D /* 528_random_pick_with_weight.cpp */ = {isa = PBXFileReference; lastKnownFileType = sourcecode.cpp.cpp; path = 528_random_pick_with_weight.cpp; sourceTree = "<group>"; };
		FEC8EB4724E2C07C009E9A1D /* 497_random_point_in_non_over_lapping_rectangles.cpp */ = {isa = PBXFileReference; lastKnownFileType = sourcecode.cpp.cpp; path = 497_random_point_in_non_over_lapping_rectangles.cpp; sourceTree = "<group>"; };
/* End PBXFileReference section */

/* Begin PBXFrameworksBuildPhase section */
		FEA1184C24DAE592000B578A /* Frameworks */ = {
			isa = PBXFrameworksBuildPhase;
			buildActionMask = 2147483647;
			files = (
			);
			runOnlyForDeploymentPostprocessing = 0;
		};
/* End PBXFrameworksBuildPhase section */

/* Begin PBXGroup section */
		FEA1184624DAE592000B578A = {
			isa = PBXGroup;
			children = (
				FEA1185124DAE592000B578A /* binary_search */,
				FEA1185024DAE592000B578A /* Products */,
			);
			sourceTree = "<group>";
		};
		FEA1185024DAE592000B578A /* Products */ = {
			isa = PBXGroup;
			children = (
				FEA1184F24DAE592000B578A /* binary_search */,
			);
			name = Products;
			sourceTree = "<group>";
		};
		FEA1185124DAE592000B578A /* binary_search */ = {
			isa = PBXGroup;
			children = (
				FEA1185224DAE592000B578A /* main.cpp */,
				FEC8EB4724E2C07C009E9A1D /* 497_random_point_in_non_over_lapping_rectangles.cpp */,
				FEC8EB4524E2B841009E9A1D /* 528_random_pick_with_weight.cpp */,
				FEC8EB4324E2AF82009E9A1D /* 162_find_peak_element.cpp */,
				FEC8EB4124E29025009E9A1D /* 436_find_right_interval.cpp */,
				FEC8EB3F24E285B4009E9A1D /* 454_4sum_2.cpp */,
				FE53D67F24E086E9001934EA /* 378_kth_smallest_element_in_a_sorted_matrix.cpp */,
				FE53D67D24E02A9D001934EA /* 287_find_the_duplicate_number.cpp */,
				FE53D67B24E01C8E001934EA /* 275_h_index_2.cpp */,
				FE53D67924E00900001934EA /* 240_search_2d_matrix_2.cpp */,
				FE53D67724DF4C39001934EA /* 209_minimum_size_subarray_sum.cpp */,
				FE53D67524DF2DEF001934EA /* 153_find_minimum_in_rotated_sorted_array.cpp */,
				FE53D67324DF2C25001934EA /* 81_serach_in_rotated_sorted_array_2.cpp */,
				FE53D67124DF27D5001934EA /* 74_search_2d_matrix.cpp */,
				FE53D66F24DF024F001934EA /* 50_pow_x_n.cpp */,
				FE53D66D24DEFCDC001934EA /* 34_find_first_and_last_position_of_element_in_sorted_array.cpp */,
				FEA1186924DB3D34000B578A /* 33_search_in_rotated_sorted_array.cpp */,
				FEA1186724DB3723000B578A /* 29_divide_two_integers.cpp */,
				FEA1186524DB3089000B578A /* 475_heaters.cpp */,
				FEA1186324DAF7D6000B578A /* 441_arranging_coins.cpp */,
				FEA1186124DAF723000B578A /* 374_guess_number_higher_or_lower.cpp */,
				FEA1185F24DAF42E000B578A /* 367_perfect_square.cpp */,
				FEA1185D24DAF2C5000B578A /* 278_first_bad_version.cpp */,
				FEA1185B24DAEB6F000B578A /* 270_closet_bianry_search_tree_value.cpp */,
				FEA1185924DAE62B000B578A /* 69_sqartx.cpp */,
			);
			path = binary_search;
			sourceTree = "<group>";
		};
/* End PBXGroup section */

/* Begin PBXNativeTarget section */
		FEA1184E24DAE592000B578A /* binary_search */ = {
			isa = PBXNativeTarget;
			buildConfigurationList = FEA1185624DAE592000B578A /* Build configuration list for PBXNativeTarget "binary_search" */;
			buildPhases = (
				FEA1184B24DAE592000B578A /* Sources */,
				FEA1184C24DAE592000B578A /* Frameworks */,
				FEA1184D24DAE592000B578A /* CopyFiles */,
			);
			buildRules = (
			);
			dependencies = (
			);
			name = binary_search;
			productName = binary_search;
			productReference = FEA1184F24DAE592000B578A /* binary_search */;
			productType = "com.apple.product-type.tool";
		};
/* End PBXNativeTarget section */

/* Begin PBXProject section */
		FEA1184724DAE592000B578A /* Project object */ = {
			isa = PBXProject;
			attributes = {
				LastUpgradeCheck = 1130;
				ORGANIZATIONNAME = Hadley;
				TargetAttributes = {
					FEA1184E24DAE592000B578A = {
						CreatedOnToolsVersion = 11.3.1;
					};
				};
			};
			buildConfigurationList = FEA1184A24DAE592000B578A /* Build configuration list for PBXProject "binary_search" */;
			compatibilityVersion = "Xcode 9.3";
			developmentRegion = en;
			hasScannedForEncodings = 0;
			knownRegions = (
				en,
				Base,
			);
			mainGroup = FEA1184624DAE592000B578A;
			productRefGroup = FEA1185024DAE592000B578A /* Products */;
			projectDirPath = "";
			projectRoot = "";
			targets = (
				FEA1184E24DAE592000B578A /* binary_search */,
			);
		};
/* End PBXProject section */

/* Begin PBXSourcesBuildPhase section */
		FEA1184B24DAE592000B578A /* Sources */ = {
			isa = PBXSourcesBuildPhase;
			buildActionMask = 2147483647;
			files = (
				FEA1185324DAE592000B578A /* main.cpp in Sources */,
				FE53D67E24E02A9D001934EA /* 287_find_the_duplicate_number.cpp in Sources */,
				FEA1186424DAF7D6000B578A /* 441_arranging_coins.cpp in Sources */,
				FE53D68024E086E9001934EA /* 378_kth_smallest_element_in_a_sorted_matrix.cpp in Sources */,
				FEC8EB4024E285B4009E9A1D /* 454_4sum_2.cpp in Sources */,
				FEA1186024DAF42E000B578A /* 367_perfect_square.cpp in Sources */,
				FEA1186824DB3723000B578A /* 29_divide_two_integers.cpp in Sources */,
				FEC8EB4424E2AF82009E9A1D /* 162_find_peak_element.cpp in Sources */,
				FE53D67A24E00900001934EA /* 240_search_2d_matrix_2.cpp in Sources */,
				FEA1186624DB3089000B578A /* 475_heaters.cpp in Sources */,
				FE53D67224DF27D5001934EA /* 74_search_2d_matrix.cpp in Sources */,
				FEA1186A24DB3D34000B578A /* 33_search_in_rotated_sorted_array.cpp in Sources */,
				FE53D67624DF2DEF001934EA /* 153_find_minimum_in_rotated_sorted_array.cpp in Sources */,
				FE53D67C24E01C8E001934EA /* 275_h_index_2.cpp in Sources */,
				FE53D67424DF2C25001934EA /* 81_serach_in_rotated_sorted_array_2.cpp in Sources */,
				FEC8EB4624E2B841009E9A1D /* 528_random_pick_with_weight.cpp in Sources */,
				FEC8EB4224E29025009E9A1D /* 436_find_right_interval.cpp in Sources */,
				FEA1185E24DAF2C5000B578A /* 278_first_bad_version.cpp in Sources */,
				FE53D67824DF4C39001934EA /* 209_minimum_size_subarray_sum.cpp in Sources */,
				FEA1186224DAF723000B578A /* 374_guess_number_higher_or_lower.cpp in Sources */,
				FEA1185A24DAE62B000B578A /* 69_sqartx.cpp in Sources */,
				FEC8EB4824E2C07C009E9A1D /* 497_random_point_in_non_over_lapping_rectangles.cpp in Sources */,
				FE53D67024DF024F001934EA /* 50_pow_x_n.cpp in Sources */,
				FEA1185C24DAEB6F000B578A /* 270_closet_bianry_search_tree_value.cpp in Sources */,
				FE53D66E24DEFCDC001934EA /* 34_find_first_and_last_position_of_element_in_sorted_array.cpp in Sources */,
			);
			runOnlyForDeploymentPostprocessing = 0;
		};
/* End PBXSourcesBuildPhase section */

/* Begin XCBuildConfiguration section */
		FEA1185424DAE592000B578A /* Debug */ = {
			isa = XCBuildConfiguration;
			buildSettings = {
				ALWAYS_SEARCH_USER_PATHS = NO;
				CLANG_ANALYZER_NONNULL = YES;
				CLANG_ANALYZER_NUMBER_OBJECT_CONVERSION = YES_AGGRESSIVE;
				CLANG_CXX_LANGUAGE_STANDARD = "gnu++14";
				CLANG_CXX_LIBRARY = "libc++";
				CLANG_ENABLE_MODULES = YES;
				CLANG_ENABLE_OBJC_ARC = YES;
				CLANG_ENABLE_OBJC_WEAK = YES;
				CLANG_WARN_BLOCK_CAPTURE_AUTORELEASING = YES;
				CLANG_WARN_BOOL_CONVERSION = YES;
				CLANG_WARN_COMMA = YES;
				CLANG_WARN_CONSTANT_CONVERSION = YES;
				CLANG_WARN_DEPRECATED_OBJC_IMPLEMENTATIONS = YES;
				CLANG_WARN_DIRECT_OBJC_ISA_USAGE = YES_ERROR;
				CLANG_WARN_DOCUMENTATION_COMMENTS = YES;
				CLANG_WARN_EMPTY_BODY = YES;
				CLANG_WARN_ENUM_CONVERSION = YES;
				CLANG_WARN_INFINITE_RECURSION = YES;
				CLANG_WARN_INT_CONVERSION = YES;
				CLANG_WARN_NON_LITERAL_NULL_CONVERSION = YES;
				CLANG_WARN_OBJC_IMPLICIT_RETAIN_SELF = YES;
				CLANG_WARN_OBJC_LITERAL_CONVERSION = YES;
				CLANG_WARN_OBJC_ROOT_CLASS = YES_ERROR;
				CLANG_WARN_RANGE_LOOP_ANALYSIS = YES;
				CLANG_WARN_STRICT_PROTOTYPES = YES;
				CLANG_WARN_SUSPICIOUS_MOVE = YES;
				CLANG_WARN_UNGUARDED_AVAILABILITY = YES_AGGRESSIVE;
				CLANG_WARN_UNREACHABLE_CODE = YES;
				CLANG_WARN__DUPLICATE_METHOD_MATCH = YES;
				COPY_PHASE_STRIP = NO;
				DEBUG_INFORMATION_FORMAT = dwarf;
				ENABLE_STRICT_OBJC_MSGSEND = YES;
				ENABLE_TESTABILITY = YES;
				GCC_C_LANGUAGE_STANDARD = gnu11;
				GCC_DYNAMIC_NO_PIC = NO;
				GCC_NO_COMMON_BLOCKS = YES;
				GCC_OPTIMIZATION_LEVEL = 0;
				GCC_PREPROCESSOR_DEFINITIONS = (
					"DEBUG=1",
					"$(inherited)",
				);
				GCC_WARN_64_TO_32_BIT_CONVERSION = YES;
				GCC_WARN_ABOUT_RETURN_TYPE = YES_ERROR;
				GCC_WARN_UNDECLARED_SELECTOR = YES;
				GCC_WARN_UNINITIALIZED_AUTOS = YES_AGGRESSIVE;
				GCC_WARN_UNUSED_FUNCTION = YES;
				GCC_WARN_UNUSED_VARIABLE = YES;
				MACOSX_DEPLOYMENT_TARGET = 10.14;
				MTL_ENABLE_DEBUG_INFO = INCLUDE_SOURCE;
				MTL_FAST_MATH = YES;
				ONLY_ACTIVE_ARCH = YES;
				SDKROOT = macosx;
			};
			name = Debug;
		};
		FEA1185524DAE592000B578A /* Release */ = {
			isa = XCBuildConfiguration;
			buildSettings = {
				ALWAYS_SEARCH_USER_PATHS = NO;
				CLANG_ANALYZER_NONNULL = YES;
				CLANG_ANALYZER_NUMBER_OBJECT_CONVERSION = YES_AGGRESSIVE;
				CLANG_CXX_LANGUAGE_STANDARD = "gnu++14";
				CLANG_CXX_LIBRARY = "libc++";
				CLANG_ENABLE_MODULES = YES;
				CLANG_ENABLE_OBJC_ARC = YES;
				CLANG_ENABLE_OBJC_WEAK = YES;
				CLANG_WARN_BLOCK_CAPTURE_AUTORELEASING = YES;
				CLANG_WARN_BOOL_CONVERSION = YES;
				CLANG_WARN_COMMA = YES;
				CLANG_WARN_CONSTANT_CONVERSION = YES;
				CLANG_WARN_DEPRECATED_OBJC_IMPLEMENTATIONS = YES;
				CLANG_WARN_DIRECT_OBJC_ISA_USAGE = YES_ERROR;
				CLANG_WARN_DOCUMENTATION_COMMENTS = YES;
				CLANG_WARN_EMPTY_BODY = YES;
				CLANG_WARN_ENUM_CONVERSION = YES;
				CLANG_WARN_INFINITE_RECURSION = YES;
				CLANG_WARN_INT_CONVERSION = YES;
				CLANG_WARN_NON_LITERAL_NULL_CONVERSION = YES;
				CLANG_WARN_OBJC_IMPLICIT_RETAIN_SELF = YES;
				CLANG_WARN_OBJC_LITERAL_CONVERSION = YES;
				CLANG_WARN_OBJC_ROOT_CLASS = YES_ERROR;
				CLANG_WARN_RANGE_LOOP_ANALYSIS = YES;
				CLANG_WARN_STRICT_PROTOTYPES = YES;
				CLANG_WARN_SUSPICIOUS_MOVE = YES;
				CLANG_WARN_UNGUARDED_AVAILABILITY = YES_AGGRESSIVE;
				CLANG_WARN_UNREACHABLE_CODE = YES;
				CLANG_WARN__DUPLICATE_METHOD_MATCH = YES;
				COPY_PHASE_STRIP = NO;
				DEBUG_INFORMATION_FORMAT = "dwarf-with-dsym";
				ENABLE_NS_ASSERTIONS = NO;
				ENABLE_STRICT_OBJC_MSGSEND = YES;
				GCC_C_LANGUAGE_STANDARD = gnu11;
				GCC_NO_COMMON_BLOCKS = YES;
				GCC_WARN_64_TO_32_BIT_CONVERSION = YES;
				GCC_WARN_ABOUT_RETURN_TYPE = YES_ERROR;
				GCC_WARN_UNDECLARED_SELECTOR = YES;
				GCC_WARN_UNINITIALIZED_AUTOS = YES_AGGRESSIVE;
				GCC_WARN_UNUSED_FUNCTION = YES;
				GCC_WARN_UNUSED_VARIABLE = YES;
				MACOSX_DEPLOYMENT_TARGET = 10.14;
				MTL_ENABLE_DEBUG_INFO = NO;
				MTL_FAST_MATH = YES;
				SDKROOT = macosx;
			};
			name = Release;
		};
		FEA1185724DAE592000B578A /* Debug */ = {
			isa = XCBuildConfiguration;
			buildSettings = {
				CODE_SIGN_STYLE = Automatic;
				PRODUCT_NAME = "$(TARGET_NAME)";
			};
			name = Debug;
		};
		FEA1185824DAE592000B578A /* Release */ = {
			isa = XCBuildConfiguration;
			buildSettings = {
				CODE_SIGN_STYLE = Automatic;
				PRODUCT_NAME = "$(TARGET_NAME)";
			};
			name = Release;
		};
/* End XCBuildConfiguration section */

/* Begin XCConfigurationList section */
		FEA1184A24DAE592000B578A /* Build configuration list for PBXProject "binary_search" */ = {
			isa = XCConfigurationList;
			buildConfigurations = (
				FEA1185424DAE592000B578A /* Debug */,
				FEA1185524DAE592000B578A /* Release */,
			);
			defaultConfigurationIsVisible = 0;
			defaultConfigurationName = Release;
		};
		FEA1185624DAE592000B578A /* Build configuration list for PBXNativeTarget "binary_search" */ = {
			isa = XCConfigurationList;
			buildConfigurations = (
				FEA1185724DAE592000B578A /* Debug */,
				FEA1185824DAE592000B578A /* Release */,
			);
			defaultConfigurationIsVisible = 0;
			defaultConfigurationName = Release;
		};
/* End XCConfigurationList section */
	};
	rootObject = FEA1184724DAE592000B578A /* Project object */;
}
